// !$*UTF8*$!
{
	archiveVersion = 1;
	classes = {
	};
	objectVersion = 46;
	objects = {

/* Begin PBXBuildFile section */
		991EE88218BB381600B016AE /* Foundation.framework in Frameworks */ = {isa = PBXBuildFile; fileRef = 991EE88118BB381600B016AE /* Foundation.framework */; };
		991EE88418BB381600B016AE /* CoreGraphics.framework in Frameworks */ = {isa = PBXBuildFile; fileRef = 991EE88318BB381600B016AE /* CoreGraphics.framework */; };
		991EE88618BB381600B016AE /* UIKit.framework in Frameworks */ = {isa = PBXBuildFile; fileRef = 991EE88518BB381600B016AE /* UIKit.framework */; };
		991EE88C18BB381600B016AE /* InfoPlist.strings in Resources */ = {isa = PBXBuildFile; fileRef = 991EE88A18BB381600B016AE /* InfoPlist.strings */; };
		991EE88E18BB381600B016AE /* main.m in Sources */ = {isa = PBXBuildFile; fileRef = 991EE88D18BB381600B016AE /* main.m */; };
		991EE89218BB381600B016AE /* AppDelegate.m in Sources */ = {isa = PBXBuildFile; fileRef = 991EE89118BB381600B016AE /* AppDelegate.m */; };
		991EE89418BB381600B016AE /* Images.xcassets in Resources */ = {isa = PBXBuildFile; fileRef = 991EE89318BB381600B016AE /* Images.xcassets */; };
		991EE89B18BB381600B016AE /* XCTest.framework in Frameworks */ = {isa = PBXBuildFile; fileRef = 991EE89A18BB381600B016AE /* XCTest.framework */; };
		991EE89C18BB381600B016AE /* Foundation.framework in Frameworks */ = {isa = PBXBuildFile; fileRef = 991EE88118BB381600B016AE /* Foundation.framework */; };
		991EE89D18BB381600B016AE /* UIKit.framework in Frameworks */ = {isa = PBXBuildFile; fileRef = 991EE88518BB381600B016AE /* UIKit.framework */; };
		991EE8A518BB381600B016AE /* InfoPlist.strings in Resources */ = {isa = PBXBuildFile; fileRef = 991EE8A318BB381600B016AE /* InfoPlist.strings */; };
		991EE8A718BB381600B016AE /* MU108_HW2Tests.m in Sources */ = {isa = PBXBuildFile; fileRef = 991EE8A618BB381600B016AE /* MU108_HW2Tests.m */; };
		991EE8B118BB382800B016AE /* Storyboard.storyboard in Resources */ = {isa = PBXBuildFile; fileRef = 991EE8B018BB382800B016AE /* Storyboard.storyboard */; };
		991EE8B418BB383E00B016AE /* MainViewController.m in Sources */ = {isa = PBXBuildFile; fileRef = 991EE8B318BB383E00B016AE /* MainViewController.m */; };
		997F429E18BE05FC006CF0F7 /* User.m in Sources */ = {isa = PBXBuildFile; fileRef = 997F429D18BE05FC006CF0F7 /* User.m */; };
/* End PBXBuildFile section */

/* Begin PBXContainerItemProxy section */
		991EE89E18BB381600B016AE /* PBXContainerItemProxy */ = {
			isa = PBXContainerItemProxy;
			containerPortal = 991EE87618BB381600B016AE /* Project object */;
			proxyType = 1;
			remoteGlobalIDString = 991EE87D18BB381600B016AE;
			remoteInfo = MU108_HW2;
		};
/* End PBXContainerItemProxy section */

/* Begin PBXFileReference section */
		991EE87E18BB381600B016AE /* MU108_HW2.app */ = {isa = PBXFileReference; explicitFileType = wrapper.application; includeInIndex = 0; path = MU108_HW2.app; sourceTree = BUILT_PRODUCTS_DIR; };
		991EE88118BB381600B016AE /* Foundation.framework */ = {isa = PBXFileReference; lastKnownFileType = wrapper.framework; name = Foundation.framework; path = System/Library/Frameworks/Foundation.framework; sourceTree = SDKROOT; };
		991EE88318BB381600B016AE /* CoreGraphics.framework */ = {isa = PBXFileReference; lastKnownFileType = wrapper.framework; name = CoreGraphics.framework; path = System/Library/Frameworks/CoreGraphics.framework; sourceTree = SDKROOT; };
		991EE88518BB381600B016AE /* UIKit.framework */ = {isa = PBXFileReference; lastKnownFileType = wrapper.framework; name = UIKit.framework; path = System/Library/Frameworks/UIKit.framework; sourceTree = SDKROOT; };
		991EE88918BB381600B016AE /* MU108_HW2-Info.plist */ = {isa = PBXFileReference; lastKnownFileType = text.plist.xml; path = "MU108_HW2-Info.plist"; sourceTree = "<group>"; };
		991EE88B18BB381600B016AE /* en */ = {isa = PBXFileReference; lastKnownFileType = text.plist.strings; name = en; path = en.lproj/InfoPlist.strings; sourceTree = "<group>"; };
		991EE88D18BB381600B016AE /* main.m */ = {isa = PBXFileReference; lastKnownFileType = sourcecode.c.objc; path = main.m; sourceTree = "<group>"; };
		991EE88F18BB381600B016AE /* MU108_HW2-Prefix.pch */ = {isa = PBXFileReference; lastKnownFileType = sourcecode.c.h; path = "MU108_HW2-Prefix.pch"; sourceTree = "<group>"; };
		991EE89018BB381600B016AE /* AppDelegate.h */ = {isa = PBXFileReference; lastKnownFileType = sourcecode.c.h; path = AppDelegate.h; sourceTree = "<group>"; };
		991EE89118BB381600B016AE /* AppDelegate.m */ = {isa = PBXFileReference; lastKnownFileType = sourcecode.c.objc; path = AppDelegate.m; sourceTree = "<group>"; };
		991EE89318BB381600B016AE /* Images.xcassets */ = {isa = PBXFileReference; lastKnownFileType = folder.assetcatalog; path = Images.xcassets; sourceTree = "<group>"; };
		991EE89918BB381600B016AE /* MU108_HW2Tests.xctest */ = {isa = PBXFileReference; explicitFileType = wrapper.cfbundle; includeInIndex = 0; path = MU108_HW2Tests.xctest; sourceTree = BUILT_PRODUCTS_DIR; };
		991EE89A18BB381600B016AE /* XCTest.framework */ = {isa = PBXFileReference; lastKnownFileType = wrapper.framework; name = XCTest.framework; path = Library/Frameworks/XCTest.framework; sourceTree = DEVELOPER_DIR; };
		991EE8A218BB381600B016AE /* MU108_HW2Tests-Info.plist */ = {isa = PBXFileReference; lastKnownFileType = text.plist.xml; path = "MU108_HW2Tests-Info.plist"; sourceTree = "<group>"; };
		991EE8A418BB381600B016AE /* en */ = {isa = PBXFileReference; lastKnownFileType = text.plist.strings; name = en; path = en.lproj/InfoPlist.strings; sourceTree = "<group>"; };
		991EE8A618BB381600B016AE /* MU108_HW2Tests.m */ = {isa = PBXFileReference; lastKnownFileType = sourcecode.c.objc; path = MU108_HW2Tests.m; sourceTree = "<group>"; };
		991EE8B018BB382800B016AE /* Storyboard.storyboard */ = {isa = PBXFileReference; fileEncoding = 4; lastKnownFileType = file.storyboard; path = Storyboard.storyboard; sourceTree = "<group>"; };
		991EE8B218BB383E00B016AE /* MainViewController.h */ = {isa = PBXFileReference; fileEncoding = 4; lastKnownFileType = sourcecode.c.h; path = MainViewController.h; sourceTree = "<group>"; };
		991EE8B318BB383E00B016AE /* MainViewController.m */ = {isa = PBXFileReference; fileEncoding = 4; lastKnownFileType = sourcecode.c.objc; path = MainViewController.m; sourceTree = "<group>"; };
		997F429C18BE05FC006CF0F7 /* User.h */ = {isa = PBXFileReference; fileEncoding = 4; lastKnownFileType = sourcecode.c.h; path = User.h; sourceTree = "<group>"; };
		997F429D18BE05FC006CF0F7 /* User.m */ = {isa = PBXFileReference; fileEncoding = 4; lastKnownFileType = sourcecode.c.objc; path = User.m; sourceTree = "<group>"; };
/* End PBXFileReference section */

/* Begin PBXFrameworksBuildPhase section */
		991EE87B18BB381600B016AE /* Frameworks */ = {
			isa = PBXFrameworksBuildPhase;
			buildActionMask = 2147483647;
			files = (
				991EE88418BB381600B016AE /* CoreGraphics.framework in Frameworks */,
				991EE88618BB381600B016AE /* UIKit.framework in Frameworks */,
				991EE88218BB381600B016AE /* Foundation.framework in Frameworks */,
			);
			runOnlyForDeploymentPostprocessing = 0;
		};
		991EE89618BB381600B016AE /* Frameworks */ = {
			isa = PBXFrameworksBuildPhase;
			buildActionMask = 2147483647;
			files = (
				991EE89B18BB381600B016AE /* XCTest.framework in Frameworks */,
				991EE89D18BB381600B016AE /* UIKit.framework in Frameworks */,
				991EE89C18BB381600B016AE /* Foundation.framework in Frameworks */,
			);
			runOnlyForDeploymentPostprocessing = 0;
		};
/* End PBXFrameworksBuildPhase section */

/* Begin PBXGroup section */
		991EE87518BB381600B016AE = {
			isa = PBXGroup;
			children = (
				991EE88718BB381600B016AE /* MU108_HW2 */,
				991EE8A018BB381600B016AE /* MU108_HW2Tests */,
				991EE88018BB381600B016AE /* Frameworks */,
				991EE87F18BB381600B016AE /* Products */,
			);
			sourceTree = "<group>";
		};
		991EE87F18BB381600B016AE /* Products */ = {
			isa = PBXGroup;
			children = (
				991EE87E18BB381600B016AE /* MU108_HW2.app */,
				991EE89918BB381600B016AE /* MU108_HW2Tests.xctest */,
			);
			name = Products;
			sourceTree = "<group>";
		};
		991EE88018BB381600B016AE /* Frameworks */ = {
			isa = PBXGroup;
			children = (
				991EE88118BB381600B016AE /* Foundation.framework */,
				991EE88318BB381600B016AE /* CoreGraphics.framework */,
				991EE88518BB381600B016AE /* UIKit.framework */,
				991EE89A18BB381600B016AE /* XCTest.framework */,
			);
			name = Frameworks;
			sourceTree = "<group>";
		};
		991EE88718BB381600B016AE /* MU108_HW2 */ = {
			isa = PBXGroup;
			children = (
				99CA372B18BBA3EB00B6F4E2 /* img */,
				991EE89018BB381600B016AE /* AppDelegate.h */,
				991EE89118BB381600B016AE /* AppDelegate.m */,
				991EE89318BB381600B016AE /* Images.xcassets */,
				991EE88818BB381600B016AE /* Supporting Files */,
				991EE8B018BB382800B016AE /* Storyboard.storyboard */,
				991EE8B218BB383E00B016AE /* MainViewController.h */,
				991EE8B318BB383E00B016AE /* MainViewController.m */,
				997F429C18BE05FC006CF0F7 /* User.h */,
				997F429D18BE05FC006CF0F7 /* User.m */,
			);
			path = MU108_HW2;
			sourceTree = "<group>";
		};
		991EE88818BB381600B016AE /* Supporting Files */ = {
			isa = PBXGroup;
			children = (
				991EE88918BB381600B016AE /* MU108_HW2-Info.plist */,
				991EE88A18BB381600B016AE /* InfoPlist.strings */,
				991EE88D18BB381600B016AE /* main.m */,
				991EE88F18BB381600B016AE /* MU108_HW2-Prefix.pch */,
			);
			name = "Supporting Files";
			sourceTree = "<group>";
		};
		991EE8A018BB381600B016AE /* MU108_HW2Tests */ = {
			isa = PBXGroup;
			children = (
				991EE8A618BB381600B016AE /* MU108_HW2Tests.m */,
				991EE8A118BB381600B016AE /* Supporting Files */,
			);
			path = MU108_HW2Tests;
			sourceTree = "<group>";
		};
		991EE8A118BB381600B016AE /* Supporting Files */ = {
			isa = PBXGroup;
			children = (
				991EE8A218BB381600B016AE /* MU108_HW2Tests-Info.plist */,
				991EE8A318BB381600B016AE /* InfoPlist.strings */,
			);
			name = "Supporting Files";
			sourceTree = "<group>";
		};
		99CA372B18BBA3EB00B6F4E2 /* img */ = {
			isa = PBXGroup;
			children = (
			);
			name = img;
			sourceTree = "<group>";
		};
/* End PBXGroup section */

/* Begin PBXNativeTarget section */
		991EE87D18BB381600B016AE /* MU108_HW2 */ = {
			isa = PBXNativeTarget;
			buildConfigurationList = 991EE8AA18BB381600B016AE /* Build configuration list for PBXNativeTarget "MU108_HW2" */;
			buildPhases = (
				991EE87A18BB381600B016AE /* Sources */,
				991EE87B18BB381600B016AE /* Frameworks */,
				991EE87C18BB381600B016AE /* Resources */,
			);
			buildRules = (
			);
			dependencies = (
			);
			name = MU108_HW2;
			productName = MU108_HW2;
			productReference = 991EE87E18BB381600B016AE /* MU108_HW2.app */;
			productType = "com.apple.product-type.application";
		};
		991EE89818BB381600B016AE /* MU108_HW2Tests */ = {
			isa = PBXNativeTarget;
			buildConfigurationList = 991EE8AD18BB381600B016AE /* Build configuration list for PBXNativeTarget "MU108_HW2Tests" */;
			buildPhases = (
				991EE89518BB381600B016AE /* Sources */,
				991EE89618BB381600B016AE /* Frameworks */,
				991EE89718BB381600B016AE /* Resources */,
			);
			buildRules = (
			);
			dependencies = (
				991EE89F18BB381600B016AE /* PBXTargetDependency */,
			);
			name = MU108_HW2Tests;
			productName = MU108_HW2Tests;
			productReference = 991EE89918BB381600B016AE /* MU108_HW2Tests.xctest */;
			productType = "com.apple.product-type.bundle.unit-test";
		};
/* End PBXNativeTarget section */

/* Begin PBXProject section */
		991EE87618BB381600B016AE /* Project object */ = {
			isa = PBXProject;
			attributes = {
				LastUpgradeCheck = 0500;
				ORGANIZATIONNAME = "Andrey Karpov";
				TargetAttributes = {
					991EE87D18BB381600B016AE = {
						DevelopmentTeam = R9NW55SSZV;
					};
					991EE89818BB381600B016AE = {
						TestTargetID = 991EE87D18BB381600B016AE;
					};
				};
			};
			buildConfigurationList = 991EE87918BB381600B016AE /* Build configuration list for PBXProject "MU108_HW2" */;
			compatibilityVersion = "Xcode 3.2";
			developmentRegion = English;
			hasScannedForEncodings = 0;
			knownRegions = (
				en,
			);
			mainGroup = 991EE87518BB381600B016AE;
			productRefGroup = 991EE87F18BB381600B016AE /* Products */;
			projectDirPath = "";
			projectRoot = "";
			targets = (
				991EE87D18BB381600B016AE /* MU108_HW2 */,
				991EE89818BB381600B016AE /* MU108_HW2Tests */,
			);
		};
/* End PBXProject section */

/* Begin PBXResourcesBuildPhase section */
		991EE87C18BB381600B016AE /* Resources */ = {
			isa = PBXResourcesBuildPhase;
			buildActionMask = 2147483647;
			files = (
				991EE88C18BB381600B016AE /* InfoPlist.strings in Resources */,
				991EE89418BB381600B016AE /* Images.xcassets in Resources */,
				991EE8B118BB382800B016AE /* Storyboard.storyboard in Resources */,
			);
			runOnlyForDeploymentPostprocessing = 0;
		};
		991EE89718BB381600B016AE /* Resources */ = {
			isa = PBXResourcesBuildPhase;
			buildActionMask = 2147483647;
			files = (
				991EE8A518BB381600B016AE /* InfoPlist.strings in Resources */,
			);
			runOnlyForDeploymentPostprocessing = 0;
		};
/* End PBXResourcesBuildPhase section */

/* Begin PBXSourcesBuildPhase section */
		991EE87A18BB381600B016AE /* Sources */ = {
			isa = PBXSourcesBuildPhase;
			buildActionMask = 2147483647;
			files = (
				997F429E18BE05FC006CF0F7 /* User.m in Sources */,
				991EE89218BB381600B016AE /* AppDelegate.m in Sources */,
				991EE8B418BB383E00B016AE /* MainViewController.m in Sources */,
				991EE88E18BB381600B016AE /* main.m in Sources */,
			);
			runOnlyForDeploymentPostprocessing = 0;
		};
		991EE89518BB381600B016AE /* Sources */ = {
			isa = PBXSourcesBuildPhase;
			buildActionMask = 2147483647;
			files = (
				991EE8A718BB381600B016AE /* MU108_HW2Tests.m in Sources */,
			);
			runOnlyForDeploymentPostprocessing = 0;
		};
/* End PBXSourcesBuildPhase section */

/* Begin PBXTargetDependency section */
		991EE89F18BB381600B016AE /* PBXTargetDependency */ = {
			isa = PBXTargetDependency;
			target = 991EE87D18BB381600B016AE /* MU108_HW2 */;
			targetProxy = 991EE89E18BB381600B016AE /* PBXContainerItemProxy */;
		};
/* End PBXTargetDependency section */

/* Begin PBXVariantGroup section */
		991EE88A18BB381600B016AE /* InfoPlist.strings */ = {
			isa = PBXVariantGroup;
			children = (
				991EE88B18BB381600B016AE /* en */,
			);
			name = InfoPlist.strings;
			sourceTree = "<group>";
		};
		991EE8A318BB381600B016AE /* InfoPlist.strings */ = {
			isa = PBXVariantGroup;
			children = (
				991EE8A418BB381600B016AE /* en */,
			);
			name = InfoPlist.strings;
			sourceTree = "<group>";
		};
/* End PBXVariantGroup section */

/* Begin XCBuildConfiguration section */
		991EE8A818BB381600B016AE /* Debug */ = {
			isa = XCBuildConfiguration;
			buildSettings = {
				ALWAYS_SEARCH_USER_PATHS = NO;
				ARCHS = "$(ARCHS_STANDARD_INCLUDING_64_BIT)";
				CLANG_CXX_LANGUAGE_STANDARD = "gnu++0x";
				CLANG_CXX_LIBRARY = "libc++";
				CLANG_ENABLE_MODULES = YES;
				CLANG_ENABLE_OBJC_ARC = YES;
				CLANG_WARN_BOOL_CONVERSION = YES;
				CLANG_WARN_CONSTANT_CONVERSION = YES;
				CLANG_WARN_DIRECT_OBJC_ISA_USAGE = YES_ERROR;
				CLANG_WARN_EMPTY_BODY = YES;
				CLANG_WARN_ENUM_CONVERSION = YES;
				CLANG_WARN_INT_CONVERSION = YES;
				CLANG_WARN_OBJC_ROOT_CLASS = YES_ERROR;
				CLANG_WARN__DUPLICATE_METHOD_MATCH = YES;
				"CODE_SIGN_IDENTITY[sdk=iphoneos*]" = "iPhone Developer";
				COPY_PHASE_STRIP = NO;
				GCC_C_LANGUAGE_STANDARD = gnu99;
				GCC_DYNAMIC_NO_PIC = NO;
				GCC_OPTIMIZATION_LEVEL = 0;
				GCC_PREPROCESSOR_DEFINITIONS = (
					"DEBUG=1",
					"$(inherited)",
				);
				GCC_SYMBOLS_PRIVATE_EXTERN = NO;
				GCC_WARN_64_TO_32_BIT_CONVERSION = YES;
				GCC_WARN_ABOUT_RETURN_TYPE = YES_ERROR;
				GCC_WARN_UNDECLARED_SELECTOR = YES;
				GCC_WARN_UNINITIALIZED_AUTOS = YES;
				GCC_WARN_UNUSED_FUNCTION = YES;
				GCC_WARN_UNUSED_VARIABLE = YES;
				IPHONEOS_DEPLOYMENT_TARGET = 7.0;
				ONLY_ACTIVE_ARCH = YES;
				SDKROOT = iphoneos;
			};
			name = Debug;
		};
		991EE8A918BB381600B016AE /* Release */ = {
			isa = XCBuildConfiguration;
			buildSettings = {
				ALWAYS_SEARCH_USER_PATHS = NO;
				ARCHS = "$(ARCHS_STANDARD_INCLUDING_64_BIT)";
				CLANG_CXX_LANGUAGE_STANDARD = "gnu++0x";
				CLANG_CXX_LIBRARY = "libc++";
				CLANG_ENABLE_MODULES = YES;
				CLANG_ENABLE_OBJC_ARC = YES;
				CLANG_WARN_BOOL_CONVERSION = YES;
				CLANG_WARN_CONSTANT_CONVERSION = YES;
				CLANG_WARN_DIRECT_OBJC_ISA_USAGE = YES_ERROR;
				CLANG_WARN_EMPTY_BODY = YES;
				CLANG_WARN_ENUM_CONVERSION = YES;
				CLANG_WARN_INT_CONVERSION = YES;
				CLANG_WARN_OBJC_ROOT_CLASS = YES_ERROR;
				CLANG_WARN__DUPLICATE_METHOD_MATCH = YES;
				"CODE_SIGN_IDENTITY[sdk=iphoneos*]" = "iPhone Developer";
				COPY_PHASE_STRIP = YES;
				ENABLE_NS_ASSERTIONS = NO;
				GCC_C_LANGUAGE_STANDARD = gnu99;
				GCC_WARN_64_TO_32_BIT_CONVERSION = YES;
				GCC_WARN_ABOUT_RETURN_TYPE = YES_ERROR;
				GCC_WARN_UNDECLARED_SELECTOR = YES;
				GCC_WARN_UNINITIALIZED_AUTOS = YES;
				GCC_WARN_UNUSED_FUNCTION = YES;
				GCC_WARN_UNUSED_VARIABLE = YES;
				IPHONEOS_DEPLOYMENT_TARGET = 7.0;
				SDKROOT = iphoneos;
				VALIDATE_PRODUCT = YES;
			};
			name = Release;
		};
		991EE8AB18BB381600B016AE /* Debug */ = {
			isa = XCBuildConfiguration;
			buildSettings = {
				ASSETCATALOG_COMPILER_APPICON_NAME = AppIcon;
				ASSETCATALOG_COMPILER_LAUNCHIMAGE_NAME = LaunchImage;
				CODE_SIGN_IDENTITY = "iPhone Developer";
				"CODE_SIGN_IDENTITY[sdk=iphoneos*]" = "iPhone Developer";
				GCC_PRECOMPILE_PREFIX_HEADER = YES;
				GCC_PREFIX_HEADER = "MU108_HW2/MU108_HW2-Prefix.pch";
				INFOPLIST_FILE = "MU108_HW2/MU108_HW2-Info.plist";
				PRODUCT_NAME = "$(TARGET_NAME)";
				PROVISIONING_PROFILE = "";
				WRAPPER_EXTENSION = app;
			};
			name = Debug;
		};
		991EE8AC18BB381600B016AE /* Release */ = {
			isa = XCBuildConfiguration;
			buildSettings = {
				ASSETCATALOG_COMPILER_APPICON_NAME = AppIcon;
				ASSETCATALOG_COMPILER_LAUNCHIMAGE_NAME = LaunchImage;
				CODE_SIGN_IDENTITY = "iPhone Developer";
				"CODE_SIGN_IDENTITY[sdk=iphoneos*]" = "iPhone Developer";
				GCC_PRECOMPILE_PREFIX_HEADER = YES;
				GCC_PREFIX_HEADER = "MU108_HW2/MU108_HW2-Prefix.pch";
				INFOPLIST_FILE = "MU108_HW2/MU108_HW2-Info.plist";
				PRODUCT_NAME = "$(TARGET_NAME)";
				PROVISIONING_PROFILE = "";
				WRAPPER_EXTENSION = app;
			};
			name = Release;
		};
		991EE8AE18BB381600B016AE /* Debug */ = {
			isa = XCBuildConfiguration;
			buildSettings = {
				ARCHS = "$(ARCHS_STANDARD_INCLUDING_64_BIT)";
				BUNDLE_LOADER = "$(BUILT_PRODUCTS_DIR)/MU108_HW2.app/MU108_HW2";
				FRAMEWORK_SEARCH_PATHS = (
					"$(SDKROOT)/Developer/Library/Frameworks",
					"$(inherited)",
					"$(DEVELOPER_FRAMEWORKS_DIR)",
				);
				GCC_PRECOMPILE_PREFIX_HEADER = YES;
				GCC_PREFIX_HEADER = "MU108_HW2/MU108_HW2-Prefix.pch";
				GCC_PREPROCESSOR_DEFINITIONS = (
					"DEBUG=1",
					"$(inherited)",
				);
				INFOPLIST_FILE = "MU108_HW2Tests/MU108_HW2Tests-Info.plist";
				PRODUCT_NAME = "$(TARGET_NAME)";
				TEST_HOST = "$(BUNDLE_LOADER)";
				WRAPPER_EXTENSION = xctest;
			};
			name = Debug;
		};
		991EE8AF18BB381600B016AE /* Release */ = {
			isa = XCBuildConfiguration;
			buildSettings = {
				ARCHS = "$(ARCHS_STANDARD_INCLUDING_64_BIT)";
				BUNDLE_LOADER = "$(BUILT_PRODUCTS_DIR)/MU108_HW2.app/MU108_HW2";
				FRAMEWORK_SEARCH_PATHS = (
					"$(SDKROOT)/Developer/Library/Frameworks",
					"$(inherited)",
					"$(DEVELOPER_FRAMEWORKS_DIR)",
				);
				GCC_PRECOMPILE_PREFIX_HEADER = YES;
				GCC_PREFIX_HEADER = "MU108_HW2/MU108_HW2-Prefix.pch";
				INFOPLIST_FILE = "MU108_HW2Tests/MU108_HW2Tests-Info.plist";
				PRODUCT_NAME = "$(TARGET_NAME)";
				TEST_HOST = "$(BUNDLE_LOADER)";
				WRAPPER_EXTENSION = xctest;
			};
			name = Release;
		};
/* End XCBuildConfiguration section */

/* Begin XCConfigurationList section */
		991EE87918BB381600B016AE /* Build configuration list for PBXProject "MU108_HW2" */ = {
			isa = XCConfigurationList;
			buildConfigurations = (
				991EE8A818BB381600B016AE /* Debug */,
				991EE8A918BB381600B016AE /* Release */,
			);
			defaultConfigurationIsVisible = 0;
			defaultConfigurationName = Release;
		};
		991EE8AA18BB381600B016AE /* Build configuration list for PBXNativeTarget "MU108_HW2" */ = {
			isa = XCConfigurationList;
			buildConfigurations = (
				991EE8AB18BB381600B016AE /* Debug */,
				991EE8AC18BB381600B016AE /* Release */,
			);
			defaultConfigurationIsVisible = 0;
			defaultConfigurationName = Release;
		};
		991EE8AD18BB381600B016AE /* Build configuration list for PBXNativeTarget "MU108_HW2Tests" */ = {
			isa = XCConfigurationList;
			buildConfigurations = (
				991EE8AE18BB381600B016AE /* Debug */,
				991EE8AF18BB381600B016AE /* Release */,
			);
			defaultConfigurationIsVisible = 0;
			defaultConfigurationName = Release;
		};
/* End XCConfigurationList section */
	};
	rootObject = 991EE87618BB381600B016AE /* Project object */;
}
